
Microsoft Visual Studio Solution File, Format Version 12.00
# Visual Studio Version 16
VisualStudioVersion = 16.0.31613.86
MinimumVisualStudioVersion = 10.0.40219.1
Project("{2150E333-8FDC-42A3-9474-1A3956D46DE8}") = "Services", "Services", "{FAE00AD3-BEEF-4D0B-88F0-453EE71B3DF1}"
EndProject
Project("{2150E333-8FDC-42A3-9474-1A3956D46DE8}") = "Stone.Estabelecimentos", "Stone.Estabelecimentos", "{BDC256BB-CD67-42C8-A17D-3811C2489F38}"
EndProject
Project("{9A19103F-16F7-4668-BE54-9A1E7A4F7556}") = "Stone.Estabelecimentos.API", "Stone.Estabelecimentos.API\Stone.Estabelecimentos.API.csproj", "{D1FFBC48-1769-40DC-8299-778AF8806D38}"
EndProject
Project("{9A19103F-16F7-4668-BE54-9A1E7A4F7556}") = "Stone.Estabelecimentos.APP", "Stone.Estabelecimentos.Application\Stone.Estabelecimentos.APP.csproj", "{A3E11136-2E1C-4568-B6C4-18CBEEF52232}"
EndProject
Project("{9A19103F-16F7-4668-BE54-9A1E7A4F7556}") = "Stone.Estabelecimentos.DOMINIO", "Stone.Estabelecimentos.DOMINIO\Stone.Estabelecimentos.DOMINIO.csproj", "{C85DDD3E-4B56-4748-AAA5-BFC4B689937D}"
EndProject
Project("{9A19103F-16F7-4668-BE54-9A1E7A4F7556}") = "Stone.Estabelecimentos.INFRA", "Stone.Estabelecimentos.INFRA\Stone.Estabelecimentos.INFRA.csproj", "{D54EA9D4-899C-4C73-9077-A42E89AF373C}"
EndProject
Project("{2150E333-8FDC-42A3-9474-1A3956D46DE8}") = "Stone.Lancamentos", "Stone.Lancamentos", "{401CC96D-B434-4024-89DA-C1043E4A0B0C}"
EndProject
Project("{FAE04EC0-301F-11D3-BF4B-00C04F79EFBC}") = "Stone.Lancamentos.API", "Stone.Lancamentos.API\Stone.Lancamentos.API.csproj", "{4BB28D97-6DF1-4C45-9A52-26F6FD1B20BA}"
EndProject
Project("{FAE04EC0-301F-11D3-BF4B-00C04F79EFBC}") = "Stone.Lancamentos.APP", "Stone.Lancamentos.APP\Stone.Lancamentos.APP.csproj", "{87E229A1-797D-42B9-9006-B097645AB714}"
EndProject
Project("{FAE04EC0-301F-11D3-BF4B-00C04F79EFBC}") = "Stone.Lancamentos.DOMINIO", "Stone.Lancamentos.DOMINIO\Stone.Lancamentos.DOMINIO.csproj", "{156A0819-2024-4A3D-AA40-EF85537385D7}"
EndProject
Project("{FAE04EC0-301F-11D3-BF4B-00C04F79EFBC}") = "Stone.Lancamentos.INFRA", "Stone.Lancamentos.INFRA\Stone.Lancamentos.INFRA.csproj", "{A0A91464-44FC-4E8F-B2DA-029838DFEC1F}"
EndProject
Global
	GlobalSection(SolutionConfigurationPlatforms) = preSolution
		Debug|Any CPU = Debug|Any CPU
		Release|Any CPU = Release|Any CPU
	EndGlobalSection
	GlobalSection(ProjectConfigurationPlatforms) = postSolution
		{D1FFBC48-1769-40DC-8299-778AF8806D38}.Debug|Any CPU.ActiveCfg = Debug|Any CPU
		{D1FFBC48-1769-40DC-8299-778AF8806D38}.Debug|Any CPU.Build.0 = Debug|Any CPU
		{D1FFBC48-1769-40DC-8299-778AF8806D38}.Release|Any CPU.ActiveCfg = Release|Any CPU
		{D1FFBC48-1769-40DC-8299-778AF8806D38}.Release|Any CPU.Build.0 = Release|Any CPU
		{A3E11136-2E1C-4568-B6C4-18CBEEF52232}.Debug|Any CPU.ActiveCfg = Debug|Any CPU
		{A3E11136-2E1C-4568-B6C4-18CBEEF52232}.Debug|Any CPU.Build.0 = Debug|Any CPU
		{A3E11136-2E1C-4568-B6C4-18CBEEF52232}.Release|Any CPU.ActiveCfg = Release|Any CPU
		{A3E11136-2E1C-4568-B6C4-18CBEEF52232}.Release|Any CPU.Build.0 = Release|Any CPU
		{C85DDD3E-4B56-4748-AAA5-BFC4B689937D}.Debug|Any CPU.ActiveCfg = Debug|Any CPU
		{C85DDD3E-4B56-4748-AAA5-BFC4B689937D}.Debug|Any CPU.Build.0 = Debug|Any CPU
		{C85DDD3E-4B56-4748-AAA5-BFC4B689937D}.Release|Any CPU.ActiveCfg = Release|Any CPU
		{C85DDD3E-4B56-4748-AAA5-BFC4B689937D}.Release|Any CPU.Build.0 = Release|Any CPU
		{D54EA9D4-899C-4C73-9077-A42E89AF373C}.Debug|Any CPU.ActiveCfg = Debug|Any CPU
		{D54EA9D4-899C-4C73-9077-A42E89AF373C}.Debug|Any CPU.Build.0 = Debug|Any CPU
		{D54EA9D4-899C-4C73-9077-A42E89AF373C}.Release|Any CPU.ActiveCfg = Release|Any CPU
		{D54EA9D4-899C-4C73-9077-A42E89AF373C}.Release|Any CPU.Build.0 = Release|Any CPU
		{4BB28D97-6DF1-4C45-9A52-26F6FD1B20BA}.Debug|Any CPU.ActiveCfg = Debug|Any CPU
		{4BB28D97-6DF1-4C45-9A52-26F6FD1B20BA}.Debug|Any CPU.Build.0 = Debug|Any CPU
		{4BB28D97-6DF1-4C45-9A52-26F6FD1B20BA}.Release|Any CPU.ActiveCfg = Release|Any CPU
		{4BB28D97-6DF1-4C45-9A52-26F6FD1B20BA}.Release|Any CPU.Build.0 = Release|Any CPU
		{87E229A1-797D-42B9-9006-B097645AB714}.Debug|Any CPU.ActiveCfg = Debug|Any CPU
		{87E229A1-797D-42B9-9006-B097645AB714}.Debug|Any CPU.Build.0 = Debug|Any CPU
		{87E229A1-797D-42B9-9006-B097645AB714}.Release|Any CPU.ActiveCfg = Release|Any CPU
		{87E229A1-797D-42B9-9006-B097645AB714}.Release|Any CPU.Build.0 = Release|Any CPU
		{156A0819-2024-4A3D-AA40-EF85537385D7}.Debug|Any CPU.ActiveCfg = Debug|Any CPU
		{156A0819-2024-4A3D-AA40-EF85537385D7}.Debug|Any CPU.Build.0 = Debug|Any CPU
		{156A0819-2024-4A3D-AA40-EF85537385D7}.Release|Any CPU.ActiveCfg = Release|Any CPU
		{156A0819-2024-4A3D-AA40-EF85537385D7}.Release|Any CPU.Build.0 = Release|Any CPU
		{A0A91464-44FC-4E8F-B2DA-029838DFEC1F}.Debug|Any CPU.ActiveCfg = Debug|Any CPU
		{A0A91464-44FC-4E8F-B2DA-029838DFEC1F}.Debug|Any CPU.Build.0 = Debug|Any CPU
		{A0A91464-44FC-4E8F-B2DA-029838DFEC1F}.Release|Any CPU.ActiveCfg = Release|Any CPU
		{A0A91464-44FC-4E8F-B2DA-029838DFEC1F}.Release|Any CPU.Build.0 = Release|Any CPU
	EndGlobalSection
	GlobalSection(SolutionProperties) = preSolution
		HideSolutionNode = FALSE
	EndGlobalSection
	GlobalSection(NestedProjects) = preSolution
		{BDC256BB-CD67-42C8-A17D-3811C2489F38} = {FAE00AD3-BEEF-4D0B-88F0-453EE71B3DF1}
		{D1FFBC48-1769-40DC-8299-778AF8806D38} = {BDC256BB-CD67-42C8-A17D-3811C2489F38}
		{A3E11136-2E1C-4568-B6C4-18CBEEF52232} = {BDC256BB-CD67-42C8-A17D-3811C2489F38}
		{C85DDD3E-4B56-4748-AAA5-BFC4B689937D} = {BDC256BB-CD67-42C8-A17D-3811C2489F38}
		{D54EA9D4-899C-4C73-9077-A42E89AF373C} = {BDC256BB-CD67-42C8-A17D-3811C2489F38}
		{401CC96D-B434-4024-89DA-C1043E4A0B0C} = {FAE00AD3-BEEF-4D0B-88F0-453EE71B3DF1}
		{4BB28D97-6DF1-4C45-9A52-26F6FD1B20BA} = {401CC96D-B434-4024-89DA-C1043E4A0B0C}
		{87E229A1-797D-42B9-9006-B097645AB714} = {401CC96D-B434-4024-89DA-C1043E4A0B0C}
		{156A0819-2024-4A3D-AA40-EF85537385D7} = {401CC96D-B434-4024-89DA-C1043E4A0B0C}
		{A0A91464-44FC-4E8F-B2DA-029838DFEC1F} = {401CC96D-B434-4024-89DA-C1043E4A0B0C}
	EndGlobalSection
	GlobalSection(ExtensibilityGlobals) = postSolution
		SolutionGuid = {AB2451F9-C8CB-4247-90B7-CB822CB69B33}
	EndGlobalSection
EndGlobal
